
Microsoft Visual Studio Solution File, Format Version 12.00
# Visual Studio 15
VisualStudioVersion = 15.0.28307.168
MinimumVisualStudioVersion = 10.0.40219.1
Project("{FAE04EC0-301F-11D3-BF4B-00C04F79EFBC}") = "SalesStatisticsSystem.Entity", "SalesStatisticsSystem.Entity\SalesStatisticsSystem.Entity.csproj", "{E6F12439-A456-4317-AD09-888983858F94}"
EndProject
Project("{FAE04EC0-301F-11D3-BF4B-00C04F79EFBC}") = "SalesStatisticsSystem.DataAccessLayer", "SalesStatisticsSystem.DataAccessLayer\SalesStatisticsSystem.DataAccessLayer.csproj", "{266E00CC-6D19-456D-91A1-E56A265C3E57}"
EndProject
Project("{FAE04EC0-301F-11D3-BF4B-00C04F79EFBC}") = "SalesStatisticsSystem.Core", "SalesStatisticsSystem.Core\SalesStatisticsSystem.Core.csproj", "{4597DD71-B6AA-4974-A2A9-25FAE9352BFE}"
EndProject
Project("{FAE04EC0-301F-11D3-BF4B-00C04F79EFBC}") = "SalesStatisticsSystem.Contracts", "SalesStatisticsSystem.Contracts\SalesStatisticsSystem.Contracts.csproj", "{D9D8E543-7A9A-458A-9008-AB535E9D8517}"
EndProject
Project("{FAE04EC0-301F-11D3-BF4B-00C04F79EFBC}") = "SalesStatisticsSystem.WebApp", "SalesStatisticsSystem.WebApp\SalesStatisticsSystem.WebApp.csproj", "{EFF8E719-A97C-4556-B275-6803A06DC625}"
EndProject
Project("{FAE04EC0-301F-11D3-BF4B-00C04F79EFBC}") = "SalesStatisticsSystem.DataAccessLayer.Contracts", "SalesStatisticsSystem.DataAccessLayer.Contracts\SalesStatisticsSystem.DataAccessLayer.Contracts.csproj", "{DC950943-BF96-4BC8-9A5F-27470FDDCE3A}"
EndProject
Global
	GlobalSection(SolutionConfigurationPlatforms) = preSolution
		Debug|Any CPU = Debug|Any CPU
		Release|Any CPU = Release|Any CPU
	EndGlobalSection
	GlobalSection(ProjectConfigurationPlatforms) = postSolution
		{E6F12439-A456-4317-AD09-888983858F94}.Debug|Any CPU.ActiveCfg = Debug|Any CPU
		{E6F12439-A456-4317-AD09-888983858F94}.Debug|Any CPU.Build.0 = Debug|Any CPU
		{E6F12439-A456-4317-AD09-888983858F94}.Release|Any CPU.ActiveCfg = Release|Any CPU
		{E6F12439-A456-4317-AD09-888983858F94}.Release|Any CPU.Build.0 = Release|Any CPU
		{266E00CC-6D19-456D-91A1-E56A265C3E57}.Debug|Any CPU.ActiveCfg = Debug|Any CPU
		{266E00CC-6D19-456D-91A1-E56A265C3E57}.Debug|Any CPU.Build.0 = Debug|Any CPU
		{266E00CC-6D19-456D-91A1-E56A265C3E57}.Release|Any CPU.ActiveCfg = Release|Any CPU
		{266E00CC-6D19-456D-91A1-E56A265C3E57}.Release|Any CPU.Build.0 = Release|Any CPU
		{4597DD71-B6AA-4974-A2A9-25FAE9352BFE}.Debug|Any CPU.ActiveCfg = Debug|Any CPU
		{4597DD71-B6AA-4974-A2A9-25FAE9352BFE}.Debug|Any CPU.Build.0 = Debug|Any CPU
		{4597DD71-B6AA-4974-A2A9-25FAE9352BFE}.Release|Any CPU.ActiveCfg = Release|Any CPU
		{4597DD71-B6AA-4974-A2A9-25FAE9352BFE}.Release|Any CPU.Build.0 = Release|Any CPU
		{D9D8E543-7A9A-458A-9008-AB535E9D8517}.Debug|Any CPU.ActiveCfg = Debug|Any CPU
		{D9D8E543-7A9A-458A-9008-AB535E9D8517}.Debug|Any CPU.Build.0 = Debug|Any CPU
		{D9D8E543-7A9A-458A-9008-AB535E9D8517}.Release|Any CPU.ActiveCfg = Release|Any CPU
		{D9D8E543-7A9A-458A-9008-AB535E9D8517}.Release|Any CPU.Build.0 = Release|Any CPU
		{EFF8E719-A97C-4556-B275-6803A06DC625}.Debug|Any CPU.ActiveCfg = Debug|Any CPU
		{EFF8E719-A97C-4556-B275-6803A06DC625}.Debug|Any CPU.Build.0 = Debug|Any CPU
		{EFF8E719-A97C-4556-B275-6803A06DC625}.Release|Any CPU.ActiveCfg = Release|Any CPU
		{EFF8E719-A97C-4556-B275-6803A06DC625}.Release|Any CPU.Build.0 = Release|Any CPU
		{DC950943-BF96-4BC8-9A5F-27470FDDCE3A}.Debug|Any CPU.ActiveCfg = Debug|Any CPU
		{DC950943-BF96-4BC8-9A5F-27470FDDCE3A}.Debug|Any CPU.Build.0 = Debug|Any CPU
		{DC950943-BF96-4BC8-9A5F-27470FDDCE3A}.Release|Any CPU.ActiveCfg = Release|Any CPU
		{DC950943-BF96-4BC8-9A5F-27470FDDCE3A}.Release|Any CPU.Build.0 = Release|Any CPU
	EndGlobalSection
	GlobalSection(SolutionProperties) = preSolution
		HideSolutionNode = FALSE
	EndGlobalSection
	GlobalSection(ExtensibilityGlobals) = postSolution
		SolutionGuid = {4D10468E-D66F-4B56-B2A6-402D6736310F}
	EndGlobalSection
EndGlobal
